
Microsoft Visual Studio Solution File, Format Version 12.00
Project("{FAE04EC0-301F-11D3-BF4B-00C04F79EFBC}") = "CinemaDesktop", "CinemaDesktop\CinemaDesktop.csproj", "{B221D649-A21F-42BD-B408-8F9E3F84DE03}"
EndProject
Project("{2150E333-8FDC-42A3-9474-1A3956D46DE8}") = "Desktop", "Desktop", "{EF3ED66D-A4CC-48A1-9203-6D5B50C43B17}"
EndProject
Project("{2150E333-8FDC-42A3-9474-1A3956D46DE8}") = "Server", "Server", "{17F971EA-E413-4FE4-BDC0-F7C1808B771C}"
EndProject
Project("{2150E333-8FDC-42A3-9474-1A3956D46DE8}") = "Domain", "Domain", "{F39DD749-4EB2-46A9-B001-A9ED08E7492F}"
EndProject
Project("{FAE04EC0-301F-11D3-BF4B-00C04F79EFBC}") = "Cinema.Mediator", "Cinema.Mediator\Cinema.Mediator.csproj", "{C5EB8EF6-18E7-4126-BCD4-C263395A2981}"
EndProject
Project("{FAE04EC0-301F-11D3-BF4B-00C04F79EFBC}") = "OnlineCinema.Domain", "OnlineCinema.Domain\OnlineCinema.Domain.csproj", "{4E8F28D0-823D-4377-B440-A0CDA4E10CF5}"
EndProject
Project("{FAE04EC0-301F-11D3-BF4B-00C04F79EFBC}") = "OnlineCinema.DAL", "OnlineCinema.DAL\OnlineCinema.DAL.csproj", "{4D1330FC-3FEE-4515-991E-B1EED4D5208B}"
EndProject
Project("{FAE04EC0-301F-11D3-BF4B-00C04F79EFBC}") = "OnlineCinema.BLL", "OnlineCinema.BLL\OnlineCinema.BLL.csproj", "{6D50CCD8-3E05-45A8-A5A7-87D739824C74}"
EndProject
Project("{FAE04EC0-301F-11D3-BF4B-00C04F79EFBC}") = "OnlineCinema.gRPC", "OnlineCinema.gRPC\OnlineCinema.gRPC.csproj", "{119288B4-0D20-4E2A-BCB5-A4944F00C0A8}"
EndProject
Global
	GlobalSection(SolutionConfigurationPlatforms) = preSolution
		Debug|Any CPU = Debug|Any CPU
		Release|Any CPU = Release|Any CPU
	EndGlobalSection
	GlobalSection(ProjectConfigurationPlatforms) = postSolution
		{B221D649-A21F-42BD-B408-8F9E3F84DE03}.Debug|Any CPU.ActiveCfg = Debug|Any CPU
		{B221D649-A21F-42BD-B408-8F9E3F84DE03}.Debug|Any CPU.Build.0 = Debug|Any CPU
		{B221D649-A21F-42BD-B408-8F9E3F84DE03}.Release|Any CPU.ActiveCfg = Release|Any CPU
		{B221D649-A21F-42BD-B408-8F9E3F84DE03}.Release|Any CPU.Build.0 = Release|Any CPU
		{C5EB8EF6-18E7-4126-BCD4-C263395A2981}.Debug|Any CPU.ActiveCfg = Debug|Any CPU
		{C5EB8EF6-18E7-4126-BCD4-C263395A2981}.Debug|Any CPU.Build.0 = Debug|Any CPU
		{C5EB8EF6-18E7-4126-BCD4-C263395A2981}.Release|Any CPU.ActiveCfg = Release|Any CPU
		{C5EB8EF6-18E7-4126-BCD4-C263395A2981}.Release|Any CPU.Build.0 = Release|Any CPU
		{4E8F28D0-823D-4377-B440-A0CDA4E10CF5}.Debug|Any CPU.ActiveCfg = Debug|Any CPU
		{4E8F28D0-823D-4377-B440-A0CDA4E10CF5}.Debug|Any CPU.Build.0 = Debug|Any CPU
		{4E8F28D0-823D-4377-B440-A0CDA4E10CF5}.Release|Any CPU.ActiveCfg = Release|Any CPU
		{4E8F28D0-823D-4377-B440-A0CDA4E10CF5}.Release|Any CPU.Build.0 = Release|Any CPU
		{4D1330FC-3FEE-4515-991E-B1EED4D5208B}.Debug|Any CPU.ActiveCfg = Debug|Any CPU
		{4D1330FC-3FEE-4515-991E-B1EED4D5208B}.Debug|Any CPU.Build.0 = Debug|Any CPU
		{4D1330FC-3FEE-4515-991E-B1EED4D5208B}.Release|Any CPU.ActiveCfg = Release|Any CPU
		{4D1330FC-3FEE-4515-991E-B1EED4D5208B}.Release|Any CPU.Build.0 = Release|Any CPU
		{6D50CCD8-3E05-45A8-A5A7-87D739824C74}.Debug|Any CPU.ActiveCfg = Debug|Any CPU
		{6D50CCD8-3E05-45A8-A5A7-87D739824C74}.Debug|Any CPU.Build.0 = Debug|Any CPU
		{6D50CCD8-3E05-45A8-A5A7-87D739824C74}.Release|Any CPU.ActiveCfg = Release|Any CPU
		{6D50CCD8-3E05-45A8-A5A7-87D739824C74}.Release|Any CPU.Build.0 = Release|Any CPU
		{119288B4-0D20-4E2A-BCB5-A4944F00C0A8}.Debug|Any CPU.ActiveCfg = Debug|Any CPU
		{119288B4-0D20-4E2A-BCB5-A4944F00C0A8}.Debug|Any CPU.Build.0 = Debug|Any CPU
		{119288B4-0D20-4E2A-BCB5-A4944F00C0A8}.Release|Any CPU.ActiveCfg = Release|Any CPU
		{119288B4-0D20-4E2A-BCB5-A4944F00C0A8}.Release|Any CPU.Build.0 = Release|Any CPU
	EndGlobalSection
	GlobalSection(NestedProjects) = preSolution
		{B221D649-A21F-42BD-B408-8F9E3F84DE03} = {EF3ED66D-A4CC-48A1-9203-6D5B50C43B17}
		{C5EB8EF6-18E7-4126-BCD4-C263395A2981} = {17F971EA-E413-4FE4-BDC0-F7C1808B771C}
		{4E8F28D0-823D-4377-B440-A0CDA4E10CF5} = {F39DD749-4EB2-46A9-B001-A9ED08E7492F}
		{4D1330FC-3FEE-4515-991E-B1EED4D5208B} = {F39DD749-4EB2-46A9-B001-A9ED08E7492F}
		{6D50CCD8-3E05-45A8-A5A7-87D739824C74} = {F39DD749-4EB2-46A9-B001-A9ED08E7492F}
		{119288B4-0D20-4E2A-BCB5-A4944F00C0A8} = {F39DD749-4EB2-46A9-B001-A9ED08E7492F}
	EndGlobalSection
EndGlobal
